<?xml version="1.0" encoding="utf-8"?>
<Project ToolsVersion="4.0" xmlns="http://schemas.microsoft.com/developer/msbuild/2003">
  <ItemGroup>
    <Filter Include="Source Files">
      <UniqueIdentifier>{4FC737F1-C7A5-4376-A066-2A32D752A2FF}</UniqueIdentifier>
      <Extensions>cpp;c;cc;cxx;def;odl;idl;hpj;bat;asm;asmx;h</Extensions>
    </Filter>
    <Filter Include="Resource Files">
      <UniqueIdentifier>{67DA6AB6-F800-4c08-8B7A-83BB121AAD01}</UniqueIdentifier>
      <Extensions>rc;ico;cur;bmp;dlg;rc2;rct;bin;rgs;gif;jpg;jpeg;jpe;resx;tiff;tif;png;wav;mfcribbon-ms</Extensions>
    </Filter>
    <Filter Include="Source Files\Graphics">
      <UniqueIdentifier>{3b8a5bca-b543-4e93-bf69-80cd96ad2812}</UniqueIdentifier>
    </Filter>
    <Filter Include="Source Files\Windows">
      <UniqueIdentifier>{fca10a30-cd3c-46bb-914c-addf5a902884}</UniqueIdentifier>
    </Filter>
    <Filter Include="Source Files\Pointers">
      <UniqueIdentifier>{7cf23228-7fc6-4405-8f6c-fd9975badc9c}</UniqueIdentifier>
    </Filter>
    <Filter Include="Source Files\Containers">
      <UniqueIdentifier>{6e8d3648-30b3-4e18-8dbe-1c07259262a0}</UniqueIdentifier>
    </Filter>
    <Filter Include="Source Files\domXML">
      <UniqueIdentifier>{5579e826-958b-4691-a025-bd26ded11300}</UniqueIdentifier>
    </Filter>
    <Filter Include="Source Files\Math">
      <UniqueIdentifier>{26bcfbba-2d7d-45c4-866c-1fe4be2c7907}</UniqueIdentifier>
    </Filter>
    <Filter Include="Source Files\Misc">
      <UniqueIdentifier>{f5a22a93-274d-4a3b-8bde-dfec0774b266}</UniqueIdentifier>
    </Filter>
    <Filter Include="Source Files\Core">
      <UniqueIdentifier>{77a69f53-ac79-4a51-8394-b12b93b69f89}</UniqueIdentifier>
    </Filter>
    <Filter Include="Source Files\Function">
      <UniqueIdentifier>{a260eccf-659b-48b8-abd8-efe7fe15ebf3}</UniqueIdentifier>
    </Filter>
    <Filter Include="Source Files\Config">
      <UniqueIdentifier>{49e82d76-2f80-403b-9bf9-a986c0a7e291}</UniqueIdentifier>
    </Filter>
    <Filter Include="Source Files\Text">
      <UniqueIdentifier>{c92ebd3a-2700-4fed-8ef5-75870d7609c0}</UniqueIdentifier>
    </Filter>
    <Filter Include="Source Files\XmlWrite">
      <UniqueIdentifier>{3a3114d4-112e-41e9-accc-904f0a38c58b}</UniqueIdentifier>
    </Filter>
    <Filter Include="Source Files\Hooking">
      <UniqueIdentifier>{5ee23e1d-c79c-48cc-8303-aad8f502e9e3}</UniqueIdentifier>
    </Filter>
  </ItemGroup>
  <ItemGroup>
    <ClInclude Include="Graphics\Bitmap.h">
      <Filter>Source Files\Graphics</Filter>
    </ClInclude>
    <ClInclude Include="Graphics\ConvertToGrayMap.h">
      <Filter>Source Files\Graphics</Filter>
    </ClInclude>
    <ClInclude Include="Graphics\loadILBM.h">
      <Filter>Source Files\Graphics</Filter>
    </ClInclude>
    <ClInclude Include="Graphics\LoadImage.h">
      <Filter>Source Files\Graphics</Filter>
    </ClInclude>
    <ClInclude Include="Graphics\LoadPNG.h">
      <Filter>Source Files\Graphics</Filter>
    </ClInclude>
    <ClInclude Include="Graphics\lodepng.h">
      <Filter>Source Files\Graphics</Filter>
    </ClInclude>
    <ClInclude Include="Util.h">
      <Filter>Source Files</Filter>
    </ClInclude>
    <ClInclude Include="Graphics\CycleBitmap.h">
      <Filter>Source Files\Graphics</Filter>
    </ClInclude>
    <ClInclude Include="domXML\domXML.h">
      <Filter>Source Files\domXML</Filter>
    </ClInclude>
    <ClInclude Include="domXML\domXmlDefines.h">
      <Filter>Source Files\domXML</Filter>
    </ClInclude>
    <ClInclude Include="domXML\Parse.h">
      <Filter>Source Files\domXML</Filter>
    </ClInclude>
    <ClInclude Include="Graphics\SharedImage.h">
      <Filter>Source Files\Graphics</Filter>
    </ClInclude>
    <ClInclude Include="Graphics\LoadPCX.h">
      <Filter>Source Files\Graphics</Filter>
    </ClInclude>
    <ClInclude Include="Math\Clamp.h">
      <Filter>Source Files\Math</Filter>
    </ClInclude>
    <ClInclude Include="Math\Interp.h">
      <Filter>Source Files\Math</Filter>
    </ClInclude>
    <ClInclude Include="Math\Wrap.h">
      <Filter>Source Files\Math</Filter>
    </ClInclude>
    <ClInclude Include="Containers.h">
      <Filter>Source Files\Containers</Filter>
    </ClInclude>
    <ClInclude Include="Graphics.h">
      <Filter>Source Files\Graphics</Filter>
    </ClInclude>
    <ClInclude Include="Math.h">
      <Filter>Source Files\Math</Filter>
    </ClInclude>
    <ClInclude Include="Pointers.h">
      <Filter>Source Files\Pointers</Filter>
    </ClInclude>
    <ClInclude Include="Containers\BitSet.h">
      <Filter>Source Files\Containers</Filter>
    </ClInclude>
    <ClInclude Include="Containers\BlockAllocator.h">
      <Filter>Source Files\Containers</Filter>
    </ClInclude>
    <ClInclude Include="Containers\BlockArray.h">
      <Filter>Source Files\Containers</Filter>
    </ClInclude>
    <ClInclude Include="Containers\Maybe.h">
      <Filter>Source Files\Containers</Filter>
    </ClInclude>
    <ClInclude Include="Containers\ObjBuff.h">
      <Filter>Source Files\Containers</Filter>
    </ClInclude>
    <ClInclude Include="Windows\ThreadLock.h">
      <Filter>Source Files\Windows</Filter>
    </ClInclude>
    <ClInclude Include="Core\Assert.h">
      <Filter>Source Files\Core</Filter>
    </ClInclude>
    <ClInclude Include="Core\Debug.h">
      <Filter>Source Files\Core</Filter>
    </ClInclude>
    <ClInclude Include="Core\File.h">
      <Filter>Source Files\Core</Filter>
    </ClInclude>
    <ClInclude Include="Core\NonCopyable.h">
      <Filter>Source Files\Core</Filter>
    </ClInclude>
    <ClInclude Include="Core\PushValue.h">
      <Filter>Source Files\Core</Filter>
    </ClInclude>
    <ClInclude Include="Core\SafeBool.h">
      <Filter>Source Files\Core</Filter>
    </ClInclude>
    <ClInclude Include="Core\SharedT.h">
      <Filter>Source Files\Core</Filter>
    </ClInclude>
    <ClInclude Include="Misc\Process.h">
      <Filter>Source Files\Misc</Filter>
    </ClInclude>
    <ClInclude Include="Misc\TextIterator.h">
      <Filter>Source Files\Misc</Filter>
    </ClInclude>
    <ClInclude Include="Core.h">
      <Filter>Source Files\Core</Filter>
    </ClInclude>
    <ClInclude Include="Misc.h">
      <Filter>Source Files\Misc</Filter>
    </ClInclude>
    <ClInclude Include="Windows\ComboBox.h">
      <Filter>Source Files\Windows</Filter>
    </ClInclude>
    <ClInclude Include="Windows\Dialog.h">
      <Filter>Source Files\Windows</Filter>
    </ClInclude>
    <ClInclude Include="Windows\Window.h">
      <Filter>Source Files\Windows</Filter>
    </ClInclude>
    <ClInclude Include="Windows\WindowsInc.h">
      <Filter>Source Files\Windows</Filter>
    </ClInclude>
    <ClInclude Include="Pointers\ComPtr.h">
      <Filter>Source Files\Pointers</Filter>
    </ClInclude>
    <ClInclude Include="Pointers\New.h">
      <Filter>Source Files\Pointers</Filter>
    </ClInclude>
    <ClInclude Include="Pointers\Ptr.h">
      <Filter>Source Files\Pointers</Filter>
    </ClInclude>
    <ClInclude Include="Pointers\RefPtr.h">
      <Filter>Source Files\Pointers</Filter>
    </ClInclude>
    <ClInclude Include="Pointers\ScopedPtr.h">
      <Filter>Source Files\Pointers</Filter>
    </ClInclude>
    <ClInclude Include="Pointers\SharedPtr.h">
      <Filter>Source Files\Pointers</Filter>
    </ClInclude>
    <ClInclude Include="Pointers\WeakPtr.h">
      <Filter>Source Files\Pointers</Filter>
    </ClInclude>
    <ClInclude Include="Util_AllHeaders.h">
      <Filter>Source Files</Filter>
    </ClInclude>
    <ClInclude Include="Math\Matrix.h">
      <Filter>Source Files\Math</Filter>
    </ClInclude>
    <ClInclude Include="Math\Vector.h">
      <Filter>Source Files\Math</Filter>
    </ClInclude>
    <ClInclude Include="Windows\Rect.h">
      <Filter>Source Files\Windows</Filter>
    </ClInclude>
    <ClInclude Include="Windows.h">
      <Filter>Source Files\Windows</Filter>
    </ClInclude>
    <ClInclude Include="Graphics\SaveImage.h">
      <Filter>Source Files\Graphics</Filter>
    </ClInclude>
    <ClInclude Include="Misc\TextManip.h">
      <Filter>Source Files\Misc</Filter>
    </ClInclude>
    <ClInclude Include="Function\FastDelegate.h">
      <Filter>Source Files\Function</Filter>
    </ClInclude>
    <ClInclude Include="Function\Fibre.h">
      <Filter>Source Files\Function</Filter>
    </ClInclude>
    <ClInclude Include="Function\Function.h">
      <Filter>Source Files\Function</Filter>
    </ClInclude>
    <ClInclude Include="Function\Function_Impl.h">
      <Filter>Source Files\Function</Filter>
    </ClInclude>
    <ClInclude Include="Function\Function_Makers.h">
      <Filter>Source Files\Function</Filter>
    </ClInclude>
    <ClInclude Include="Function\ScopedCaller.h">
      <Filter>Source Files\Function</Filter>
    </ClInclude>
    <ClInclude Include="Function.h">
      <Filter>Source Files\Function</Filter>
    </ClInclude>
    <ClInclude Include="Function\Adapt.h">
      <Filter>Source Files\Function</Filter>
    </ClInclude>
    <ClInclude Include="Windows\BaseWindow.h">
      <Filter>Source Files\Windows</Filter>
    </ClInclude>
    <ClInclude Include="Windows\Thread.h">
      <Filter>Source Files\Windows</Filter>
    </ClInclude>
    <ClInclude Include="Core\EnumChain.h">
      <Filter>Source Files\Core</Filter>
    </ClInclude>
    <ClInclude Include="Core\EnumChainDetail.h">
      <Filter>Source Files\Core</Filter>
    </ClInclude>
    <ClInclude Include="Windows\MemoryDLL.h">
      <Filter>Source Files\Windows</Filter>
    </ClInclude>
    <ClInclude Include="Pointers\NonNull.h">
      <Filter>Source Files\Pointers</Filter>
    </ClInclude>
    <ClInclude Include="Windows\MemoryDLL_Util.h">
      <Filter>Source Files\Windows</Filter>
    </ClInclude>
    <ClInclude Include="Misc\Convert.h">
      <Filter>Source Files\Misc</Filter>
    </ClInclude>
    <ClInclude Include="Config\Config_Base.h">
      <Filter>Source Files\Config</Filter>
    </ClInclude>
    <ClInclude Include="Config\Config_Chain.h">
      <Filter>Source Files\Config</Filter>
    </ClInclude>
    <ClInclude Include="Config\Config_CommandLine.h">
      <Filter>Source Files\Config</Filter>
    </ClInclude>
    <ClInclude Include="Config\Config_IConverter.h">
      <Filter>Source Files\Config</Filter>
    </ClInclude>
    <ClInclude Include="Config\Config_IOption.h">
      <Filter>Source Files\Config</Filter>
    </ClInclude>
    <ClInclude Include="Config\Config_Option.h">
      <Filter>Source Files\Config</Filter>
    </ClInclude>
    <ClInclude Include="Config.h">
      <Filter>Source Files\Config</Filter>
    </ClInclude>
    <ClInclude Include="Config\Config_IConfig.h">
      <Filter>Source Files\Config</Filter>
    </ClInclude>
    <ClInclude Include="Config\Config_ConvertT.h">
      <Filter>Source Files\Config</Filter>
    </ClInclude>
    <ClInclude Include="Misc\ConstTextIterator.h">
      <Filter>Source Files\Misc</Filter>
    </ClInclude>
    <ClInclude Include="Misc\TextIteratorBase.h">
      <Filter>Source Files\Misc</Filter>
    </ClInclude>
    <ClInclude Include="Config\Config_Defaults.h">
      <Filter>Source Files\Config</Filter>
    </ClInclude>
    <ClInclude Include="Containers\Contains.h">
      <Filter>Source Files\Containers</Filter>
    </ClInclude>
    <ClInclude Include="Config\Config_StringResource.h">
      <Filter>Source Files\Config</Filter>
    </ClInclude>
    <ClInclude Include="Config\Config_ConvertEnum.h">
      <Filter>Source Files\Config</Filter>
    </ClInclude>
    <ClInclude Include="Misc\SwapT.h">
      <Filter>Source Files\Misc</Filter>
    </ClInclude>
    <ClInclude Include="Text\RefString.h">
      <Filter>Source Files\Text</Filter>
    </ClInclude>
    <ClInclude Include="Text.h">
      <Filter>Source Files\Text</Filter>
    </ClInclude>
    <ClInclude Include="Math\Fixed.h">
      <Filter>Source Files\Math</Filter>
    </ClInclude>
    <ClInclude Include="Graphics\ARGB.h">
      <Filter>Source Files\Graphics</Filter>
    </ClInclude>
    <ClInclude Include="Graphics\ARGBFX.h">
      <Filter>Source Files\Graphics</Filter>
    </ClInclude>
    <ClInclude Include="XmlWrite\XmlWrite.h">
      <Filter>Source Files\XmlWrite</Filter>
    </ClInclude>
    <ClInclude Include="Misc\Monostate.h">
      <Filter>Source Files\Misc</Filter>
    </ClInclude>
    <ClInclude Include="Math\EaseT.h">
      <Filter>Source Files\Math</Filter>
    </ClInclude>
    <ClInclude Include="Graphics\FileMesh.h">
      <Filter>Source Files\Graphics</Filter>
    </ClInclude>
    <ClInclude Include="Graphics\FileMeshInternal.h">
      <Filter>Source Files\Graphics</Filter>
    </ClInclude>
    <ClInclude Include="Math\MatrixStack.h">
      <Filter>Source Files\Math</Filter>
    </ClInclude>
    <ClInclude Include="Math\RoundUp.h">
      <Filter>Source Files\Math</Filter>
    </ClInclude>
    <ClInclude Include="Math\Angles.h">
      <Filter>Source Files\Math</Filter>
    </ClInclude>
    <ClInclude Include="Math\Angle.h">
      <Filter>Source Files\Math</Filter>
    </ClInclude>
    <ClInclude Include="Core\ReferenceCounter.h">
      <Filter>Source Files\Core</Filter>
    </ClInclude>
    <ClInclude Include="Hooking.h">
      <Filter>Source Files\Hooking</Filter>
    </ClInclude>
    <ClInclude Include="Hooking\Hooking_Common.h">
      <Filter>Source Files\Hooking</Filter>
    </ClInclude>
    <ClInclude Include="Hooking\Hooking_Write.h">
      <Filter>Source Files\Hooking</Filter>
    </ClInclude>
    <ClInclude Include="Hooking\Hooking_Alloc.h">
      <Filter>Source Files\Hooking</Filter>
    </ClInclude>
    <ClInclude Include="Misc\Directory.h">
      <Filter>Source Files\Misc</Filter>
    </ClInclude>
    <ClInclude Include="Windows\EnumMonitors.h">
      <Filter>Source Files\Windows</Filter>
    </ClInclude>
    <ClInclude Include="Windows\DesktopWorker.h">
      <Filter>Source Files\Windows</Filter>
    </ClInclude>
    <ClInclude Include="Config\Config_XML.h">
      <Filter>Source Files\Config</Filter>
    </ClInclude>
    <ClInclude Include="Graphics\LoadJPEG.h">
      <Filter>Source Files\Graphics</Filter>
    </ClInclude>
  </ItemGroup>
  <ItemGroup>
    <ClCompile Include="Graphics\Bitmap.cpp">
      <Filter>Source Files\Graphics</Filter>
    </ClCompile>
    <ClCompile Include="Graphics\ConvertToGrayMap.cpp">
      <Filter>Source Files\Graphics</Filter>
    </ClCompile>
    <ClCompile Include="Graphics\loadILBM.cpp">
      <Filter>Source Files\Graphics</Filter>
    </ClCompile>
    <ClCompile Include="Graphics\LoadImage.cpp">
      <Filter>Source Files\Graphics</Filter>
    </ClCompile>
    <ClCompile Include="Graphics\LoadPNG.cpp">
      <Filter>Source Files\Graphics</Filter>
    </ClCompile>
    <ClCompile Include="Graphics\lodepng.cpp">
      <Filter>Source Files\Graphics</Filter>
    </ClCompile>
    <ClCompile Include="Graphics\CycleBitmap.cpp">
      <Filter>Source Files\Graphics</Filter>
    </ClCompile>
    <ClCompile Include="domXML\domXML.cpp">
      <Filter>Source Files\domXML</Filter>
    </ClCompile>
    <ClCompile Include="domXML\Parse.cpp">
      <Filter>Source Files\domXML</Filter>
    </ClCompile>
    <ClCompile Include="Graphics\SharedImage.cpp">
      <Filter>Source Files\Graphics</Filter>
    </ClCompile>
    <ClCompile Include="Graphics\LoadPCX.cpp">
      <Filter>Source Files\Graphics</Filter>
    </ClCompile>
    <ClCompile Include="Containers\Maybe.cpp">
      <Filter>Source Files\Containers</Filter>
    </ClCompile>
    <ClCompile Include="Windows\ThreadLock.cpp">
      <Filter>Source Files\Windows</Filter>
    </ClCompile>
    <ClCompile Include="Core\Debug.cpp">
      <Filter>Source Files\Core</Filter>
    </ClCompile>
    <ClCompile Include="Core\File.cpp">
      <Filter>Source Files\Core</Filter>
    </ClCompile>
    <ClCompile Include="Core\SafeBool.cpp">
      <Filter>Source Files\Core</Filter>
    </ClCompile>
    <ClCompile Include="Misc\Process.cpp">
      <Filter>Source Files\Misc</Filter>
    </ClCompile>
    <ClCompile Include="Misc\TextIterator.cpp">
      <Filter>Source Files\Misc</Filter>
    </ClCompile>
    <ClCompile Include="Windows\ComboBox.cpp">
      <Filter>Source Files\Windows</Filter>
    </ClCompile>
    <ClCompile Include="Windows\Dialog.cpp">
      <Filter>Source Files\Windows</Filter>
    </ClCompile>
    <ClCompile Include="Windows\Window.cpp">
      <Filter>Source Files\Windows</Filter>
    </ClCompile>
    <ClCompile Include="Pointers\WeakPtr.cpp">
      <Filter>Source Files\Pointers</Filter>
    </ClCompile>
    <ClCompile Include="Math\Matrix.cpp">
      <Filter>Source Files\Math</Filter>
    </ClCompile>
    <ClCompile Include="Windows\Rect.cpp">
      <Filter>Source Files\Windows</Filter>
    </ClCompile>
    <ClCompile Include="Graphics\SaveImage.cpp">
      <Filter>Source Files\Graphics</Filter>
    </ClCompile>
    <ClCompile Include="Misc\TextManip.cpp">
      <Filter>Source Files\Misc</Filter>
    </ClCompile>
    <ClCompile Include="Function\Fibre.cpp">
      <Filter>Source Files\Function</Filter>
    </ClCompile>
    <ClCompile Include="Function\ScopedCaller.cpp">
      <Filter>Source Files\Function</Filter>
    </ClCompile>
    <ClCompile Include="Windows\BaseWindow.cpp">
      <Filter>Source Files\Windows</Filter>
    </ClCompile>
    <ClCompile Include="Windows\Thread.cpp">
      <Filter>Source Files\Windows</Filter>
    </ClCompile>
    <ClCompile Include="Windows\MemoryDLL.cpp">
      <Filter>Source Files\Windows</Filter>
    </ClCompile>
    <ClCompile Include="Windows\MemoryDLL_Util.cpp">
      <Filter>Source Files\Windows</Filter>
    </ClCompile>
    <ClCompile Include="Misc\Convert.cpp">
      <Filter>Source Files\Misc</Filter>
    </ClCompile>
    <ClCompile Include="Config\Config_Base.cpp">
      <Filter>Source Files\Config</Filter>
    </ClCompile>
    <ClCompile Include="Config\Config_IOption.cpp">
      <Filter>Source Files\Config</Filter>
    </ClCompile>
    <ClCompile Include="Config\Config_CommandLine.cpp">
      <Filter>Source Files\Config</Filter>
    </ClCompile>
    <ClCompile Include="Config\Config_Chain.cpp">
      <Filter>Source Files\Config</Filter>
    </ClCompile>
    <ClCompile Include="Misc\TextIteratorBase.cpp">
      <Filter>Source Files\Misc</Filter>
    </ClCompile>
    <ClCompile Include="Misc\ConstTextIterator.cpp">
      <Filter>Source Files\Misc</Filter>
    </ClCompile>
    <ClCompile Include="Config\Config_Defaults.cpp">
      <Filter>Source Files\Config</Filter>
    </ClCompile>
    <ClCompile Include="Config\Config_StringResource.cpp">
      <Filter>Source Files\Config</Filter>
    </ClCompile>
    <ClCompile Include="Text\RefString.cpp">
      <Filter>Source Files\Text</Filter>
    </ClCompile>
    <ClCompile Include="Math\Fixed.cpp">
      <Filter>Source Files\Math</Filter>
    </ClCompile>
    <ClCompile Include="XmlWrite\XmlWrite.cpp">
      <Filter>Source Files\XmlWrite</Filter>
    </ClCompile>
    <ClCompile Include="Math\MatrixStack.cpp">
      <Filter>Source Files\Math</Filter>
    </ClCompile>
    <ClCompile Include="Graphics\FileMesh.cpp">
      <Filter>Source Files\Graphics</Filter>
    </ClCompile>
    <ClCompile Include="Math\Angle.cpp">
      <Filter>Source Files\Math</Filter>
    </ClCompile>
    <ClCompile Include="Core\ReferenceCounter.cpp">
      <Filter>Source Files\Core</Filter>
    </ClCompile>
    <ClCompile Include="Config\Config_ConvertT.cpp">
      <Filter>Source Files\Config</Filter>
    </ClCompile>
    <ClCompile Include="Hooking\Hooking_Common.cpp">
      <Filter>Source Files\Hooking</Filter>
    </ClCompile>
    <ClCompile Include="Hooking\Hooking_Write.cpp">
      <Filter>Source Files\Hooking</Filter>
    </ClCompile>
    <ClCompile Include="Hooking\Hooking_Alloc.cpp">
      <Filter>Source Files\Hooking</Filter>
    </ClCompile>
    <ClCompile Include="Misc\Directory.cpp">
      <Filter>Source Files\Misc</Filter>
    </ClCompile>
    <ClCompile Include="Windows\EnumMonitors.cpp">
      <Filter>Source Files\Windows</Filter>
    </ClCompile>
    <ClCompile Include="Windows\DesktopWorker.cpp">
      <Filter>Source Files\Windows</Filter>
    </ClCompile>
    <ClCompile Include="Config\Config_XML.cpp">
      <Filter>Source Files\Config</Filter>
    </ClCompile>
    <ClCompile Include="Graphics\LoadJPEG.cpp">
      <Filter>Source Files\Graphics</Filter>
    </ClCompile>
  </ItemGroup>
</Project>